{
  "name": "ys-webrtc-sdk-ui",
  "version": "1.0.14",
  "lockfileVersion": 3,
  "requires": true,
  "packages": {
    "": {
      "name": "ys-webrtc-sdk-ui",
      "version": "1.0.14",
      "license": "Proprietary License",
      "dependencies": {
        "ys-webrtc-sdk-ui": "^1.0.14"
      }
    },
    "node_modules/ys-webrtc-sdk-ui": {
      "version": "1.0.14",
      "resolved": "https://registry.npmjs.org/ys-webrtc-sdk-ui/-/ys-webrtc-sdk-ui-1.0.14.tgz",
      "integrity": "sha512-fuZUo4GHH5ap1PmgASiCLOm8E27ui+6qlOFYoXkYDJqoHTI7mExQSop3UDtKB/pUMw13DGeGcGnO19O9IPxh+Q=="
    }
  }
}
